
Microsoft Visual Studio Solution File, Format Version 12.00
# Visual Studio Version 16
VisualStudioVersion = 16.0.31019.35
MinimumVisualStudioVersion = 10.0.40219.1
Project("{2150E333-8FDC-42A3-9474-1A3956D46DE8}") = "Services", "Services", "{5BDEFD33-9FC2-42A0-B87C-35B384AF5AE5}"
EndProject
Project("{2150E333-8FDC-42A3-9474-1A3956D46DE8}") = "WebApps", "WebApps", "{0F0D9C5E-4CAA-4879-A409-9C888DA8823A}"
EndProject
Project("{2150E333-8FDC-42A3-9474-1A3956D46DE8}") = "BuildingBlocks", "BuildingBlocks", "{2D6919BE-E18A-47CB-9712-BD5CFDFFF3C5}"
EndProject
Project("{2150E333-8FDC-42A3-9474-1A3956D46DE8}") = "Cadastros", "Cadastros", "{ECF4D16A-A8C4-4B1E-9EDF-4E94ADEC63D2}"
EndProject
Project("{2150E333-8FDC-42A3-9474-1A3956D46DE8}") = "Catalogo", "Catalogo", "{5F8C7BDD-B416-45B2-BBBF-D02CBDE0B7A4}"
EndProject
Project("{2150E333-8FDC-42A3-9474-1A3956D46DE8}") = "Core", "Core", "{614343B4-A732-4E19-8525-B45CB5E19BD7}"
EndProject
Project("{2150E333-8FDC-42A3-9474-1A3956D46DE8}") = "Fiscal", "Fiscal", "{02B7BF0D-E373-44CB-B9ED-96751577A94C}"
EndProject
Project("{2150E333-8FDC-42A3-9474-1A3956D46DE8}") = "Pagamentos", "Pagamentos", "{8992020C-6E0B-420C-8875-0B06F43C89E0}"
EndProject
Project("{2150E333-8FDC-42A3-9474-1A3956D46DE8}") = "Vendas", "Vendas", "{5FC8B7F0-1477-49E4-BFCB-027E89C31A16}"
EndProject
Project("{9A19103F-16F7-4668-BE54-9A1E7A4F7556}") = "NerdStore.Core", "src\NerdStore.Core\NerdStore.Core.csproj", "{F8457AFA-946F-404D-AA7A-30F4755F79A6}"
EndProject
Project("{9A19103F-16F7-4668-BE54-9A1E7A4F7556}") = "NerdStore.Catalogo.Domain", "src\NerdStore.Catalogo.Domain\NerdStore.Catalogo.Domain.csproj", "{42DABFD7-041C-472C-A8B3-E387BBEB4675}"
EndProject
Project("{2150E333-8FDC-42A3-9474-1A3956D46DE8}") = "Tests", "Tests", "{1B83BF75-CF18-43D4-BE8A-4E0143EF2838}"
EndProject
Project("{9A19103F-16F7-4668-BE54-9A1E7A4F7556}") = "NerdStore.Catalogo.Domain.Tests", "tests\NerdStore.Catalogo.Domain.Tests\NerdStore.Catalogo.Domain.Tests.csproj", "{F92EF8AB-120D-4BEA-9DF9-21FE2AA92634}"
EndProject
Project("{9A19103F-16F7-4668-BE54-9A1E7A4F7556}") = "NerdStore.Catalogo.Application", "src\NerdStore.Catalogo.Application\NerdStore.Catalogo.Application.csproj", "{81CF7DCB-FB48-4468-B43B-CD98577507A9}"
EndProject
Project("{9A19103F-16F7-4668-BE54-9A1E7A4F7556}") = "NerdStore.Catalogo.Data", "src\NerdStore.Catalogo.Data\NerdStore.Catalogo.Data.csproj", "{ACACE9FC-9F8F-4C66-B3AA-C929B7BB2B4A}"
EndProject
Project("{9A19103F-16F7-4668-BE54-9A1E7A4F7556}") = "NerdStore.Catalogo.Application.Tests", "tests\NerdStore.Catalogo.Application.Tests\NerdStore.Catalogo.Application.Tests.csproj", "{92CD3AF1-67B7-4B6B-BB6E-C5C49220E7E2}"
EndProject
Project("{9A19103F-16F7-4668-BE54-9A1E7A4F7556}") = "NerdStore.WebApp.MVC", "src\NerdStore.WebApp.MVC\NerdStore.WebApp.MVC.csproj", "{85AA6793-6EF7-450D-AB7B-4A940CC127F6}"
EndProject
Project("{9A19103F-16F7-4668-BE54-9A1E7A4F7556}") = "NerdStore.Vendas.Domain", "src\NerdStore.Vendas.Domain\NerdStore.Vendas.Domain.csproj", "{8F9C0CE9-B534-4A4B-8478-2533D7808496}"
EndProject
Project("{9A19103F-16F7-4668-BE54-9A1E7A4F7556}") = "NerdStore.Vendas.Domain.Tests", "tests\NerdStore.Vendas.Domain.Tests\NerdStore.Vendas.Domain.Tests.csproj", "{E4E5AEA9-69D0-4FD8-B354-BCA3533E39AC}"
EndProject
Project("{9A19103F-16F7-4668-BE54-9A1E7A4F7556}") = "NerdStore.Vendas.Application", "src\NerdStore.Vendas.Application\NerdStore.Vendas.Application.csproj", "{CE19848C-D297-489C-BA63-563FB30A3FA8}"
EndProject
Project("{9A19103F-16F7-4668-BE54-9A1E7A4F7556}") = "NerdStore.Vendas.Application.Tests", "tests\NerdStore.Vendas.Application.Tests\NerdStore.Vendas.Application.Tests.csproj", "{F8B1F09C-393C-4F69-9706-6265113CB59F}"
EndProject
Project("{9A19103F-16F7-4668-BE54-9A1E7A4F7556}") = "NerdStore.Vendas.Data", "src\NerdStore.Vendas.Data\NerdStore.Vendas.Data.csproj", "{AEFA6E4C-33B2-4837-B34F-7E5BD5ADEA1A}"
EndProject
Project("{9A19103F-16F7-4668-BE54-9A1E7A4F7556}") = "NerdStore.Pagamentos.AntiCorruption", "src\NerdStore.Pagamentos.AntiCorruption\NerdStore.Pagamentos.AntiCorruption.csproj", "{85D6E4E9-7D4D-4596-9CFE-43F408BAFF18}"
EndProject
Project("{9A19103F-16F7-4668-BE54-9A1E7A4F7556}") = "NerdStore.Pagamentos.Business", "src\NerdStore.Pagamentos.Business\NerdStore.Pagamentos.Business.csproj", "{B2D5F8DA-3C52-4653-AF69-9D69D1FB3057}"
EndProject
Project("{9A19103F-16F7-4668-BE54-9A1E7A4F7556}") = "NerdStore.Pagamentos.Data", "src\NerdStore.Pagamentos.Data\NerdStore.Pagamentos.Data.csproj", "{01BB4D95-4B77-437E-A3F7-10A62A4DAE7A}"
EndProject
Project("{9A19103F-16F7-4668-BE54-9A1E7A4F7556}") = "NerdStore.Pagamentos.Business.Tests", "tests\NerdStore.Pagamentos.Business.Tests\NerdStore.Pagamentos.Business.Tests.csproj", "{7DC50443-4E2F-4D85-9EE9-CC180DE2374D}"
EndProject
Project("{9A19103F-16F7-4668-BE54-9A1E7A4F7556}") = "NerdStore.Core.Tests", "tests\NerdStore.Core.Tests\NerdStore.Core.Tests.csproj", "{913B044B-D6A9-4900-BAE7-839EEB7DCE4C}"
EndProject
Project("{2150E333-8FDC-42A3-9474-1A3956D46DE8}") = "Unit Tests", "Unit Tests", "{678DF339-0115-4FBE-B24D-7948F9A807E4}"
EndProject
Project("{2150E333-8FDC-42A3-9474-1A3956D46DE8}") = "Integration Tests", "Integration Tests", "{BA073F46-16CF-4CF6-82A7-427EE8FB2AC6}"
EndProject
Project("{9A19103F-16F7-4668-BE54-9A1E7A4F7556}") = "NerdStore.WebApp.API", "src\NerdStore.WebApp.API\NerdStore.WebApp.API.csproj", "{8D229773-FC67-4490-9C87-38DBB5E84C9E}"
EndProject
Project("{9A19103F-16F7-4668-BE54-9A1E7A4F7556}") = "NerdStore.WebApp.MVC.Tests", "tests\NerdStore.WebApp.MVC.Tests\NerdStore.WebApp.MVC.Tests.csproj", "{365B8DD9-9C50-45A1-9525-26A4570720C1}"
EndProject
Project("{9A19103F-16F7-4668-BE54-9A1E7A4F7556}") = "NerdStore.WebApp.API.Tests", "tests\NerdStore.WebApp.API.Tests\NerdStore.WebApp.API.Tests.csproj", "{BF3DD26F-93DF-4696-9073-5CD6D325A13A}"
EndProject
Project("{2150E333-8FDC-42A3-9474-1A3956D46DE8}") = "Automated Tests", "Automated Tests", "{B2B405F2-2287-4B86-B7D2-4EA2F377E610}"
EndProject
Global
	GlobalSection(SolutionConfigurationPlatforms) = preSolution
		Debug|Any CPU = Debug|Any CPU
		Release|Any CPU = Release|Any CPU
	EndGlobalSection
	GlobalSection(ProjectConfigurationPlatforms) = postSolution
		{F8457AFA-946F-404D-AA7A-30F4755F79A6}.Debug|Any CPU.ActiveCfg = Debug|Any CPU
		{F8457AFA-946F-404D-AA7A-30F4755F79A6}.Debug|Any CPU.Build.0 = Debug|Any CPU
		{F8457AFA-946F-404D-AA7A-30F4755F79A6}.Release|Any CPU.ActiveCfg = Release|Any CPU
		{F8457AFA-946F-404D-AA7A-30F4755F79A6}.Release|Any CPU.Build.0 = Release|Any CPU
		{42DABFD7-041C-472C-A8B3-E387BBEB4675}.Debug|Any CPU.ActiveCfg = Debug|Any CPU
		{42DABFD7-041C-472C-A8B3-E387BBEB4675}.Debug|Any CPU.Build.0 = Debug|Any CPU
		{42DABFD7-041C-472C-A8B3-E387BBEB4675}.Release|Any CPU.ActiveCfg = Release|Any CPU
		{42DABFD7-041C-472C-A8B3-E387BBEB4675}.Release|Any CPU.Build.0 = Release|Any CPU
		{F92EF8AB-120D-4BEA-9DF9-21FE2AA92634}.Debug|Any CPU.ActiveCfg = Debug|Any CPU
		{F92EF8AB-120D-4BEA-9DF9-21FE2AA92634}.Debug|Any CPU.Build.0 = Debug|Any CPU
		{F92EF8AB-120D-4BEA-9DF9-21FE2AA92634}.Release|Any CPU.ActiveCfg = Release|Any CPU
		{F92EF8AB-120D-4BEA-9DF9-21FE2AA92634}.Release|Any CPU.Build.0 = Release|Any CPU
		{81CF7DCB-FB48-4468-B43B-CD98577507A9}.Debug|Any CPU.ActiveCfg = Debug|Any CPU
		{81CF7DCB-FB48-4468-B43B-CD98577507A9}.Debug|Any CPU.Build.0 = Debug|Any CPU
		{81CF7DCB-FB48-4468-B43B-CD98577507A9}.Release|Any CPU.ActiveCfg = Release|Any CPU
		{81CF7DCB-FB48-4468-B43B-CD98577507A9}.Release|Any CPU.Build.0 = Release|Any CPU
		{ACACE9FC-9F8F-4C66-B3AA-C929B7BB2B4A}.Debug|Any CPU.ActiveCfg = Debug|Any CPU
		{ACACE9FC-9F8F-4C66-B3AA-C929B7BB2B4A}.Debug|Any CPU.Build.0 = Debug|Any CPU
		{ACACE9FC-9F8F-4C66-B3AA-C929B7BB2B4A}.Release|Any CPU.ActiveCfg = Release|Any CPU
		{ACACE9FC-9F8F-4C66-B3AA-C929B7BB2B4A}.Release|Any CPU.Build.0 = Release|Any CPU
		{92CD3AF1-67B7-4B6B-BB6E-C5C49220E7E2}.Debug|Any CPU.ActiveCfg = Debug|Any CPU
		{92CD3AF1-67B7-4B6B-BB6E-C5C49220E7E2}.Debug|Any CPU.Build.0 = Debug|Any CPU
		{92CD3AF1-67B7-4B6B-BB6E-C5C49220E7E2}.Release|Any CPU.ActiveCfg = Release|Any CPU
		{92CD3AF1-67B7-4B6B-BB6E-C5C49220E7E2}.Release|Any CPU.Build.0 = Release|Any CPU
		{85AA6793-6EF7-450D-AB7B-4A940CC127F6}.Debug|Any CPU.ActiveCfg = Debug|Any CPU
		{85AA6793-6EF7-450D-AB7B-4A940CC127F6}.Debug|Any CPU.Build.0 = Debug|Any CPU
		{85AA6793-6EF7-450D-AB7B-4A940CC127F6}.Release|Any CPU.ActiveCfg = Release|Any CPU
		{85AA6793-6EF7-450D-AB7B-4A940CC127F6}.Release|Any CPU.Build.0 = Release|Any CPU
		{8F9C0CE9-B534-4A4B-8478-2533D7808496}.Debug|Any CPU.ActiveCfg = Debug|Any CPU
		{8F9C0CE9-B534-4A4B-8478-2533D7808496}.Debug|Any CPU.Build.0 = Debug|Any CPU
		{8F9C0CE9-B534-4A4B-8478-2533D7808496}.Release|Any CPU.ActiveCfg = Release|Any CPU
		{8F9C0CE9-B534-4A4B-8478-2533D7808496}.Release|Any CPU.Build.0 = Release|Any CPU
		{E4E5AEA9-69D0-4FD8-B354-BCA3533E39AC}.Debug|Any CPU.ActiveCfg = Debug|Any CPU
		{E4E5AEA9-69D0-4FD8-B354-BCA3533E39AC}.Debug|Any CPU.Build.0 = Debug|Any CPU
		{E4E5AEA9-69D0-4FD8-B354-BCA3533E39AC}.Release|Any CPU.ActiveCfg = Release|Any CPU
		{E4E5AEA9-69D0-4FD8-B354-BCA3533E39AC}.Release|Any CPU.Build.0 = Release|Any CPU
		{CE19848C-D297-489C-BA63-563FB30A3FA8}.Debug|Any CPU.ActiveCfg = Debug|Any CPU
		{CE19848C-D297-489C-BA63-563FB30A3FA8}.Debug|Any CPU.Build.0 = Debug|Any CPU
		{CE19848C-D297-489C-BA63-563FB30A3FA8}.Release|Any CPU.ActiveCfg = Release|Any CPU
		{CE19848C-D297-489C-BA63-563FB30A3FA8}.Release|Any CPU.Build.0 = Release|Any CPU
		{F8B1F09C-393C-4F69-9706-6265113CB59F}.Debug|Any CPU.ActiveCfg = Debug|Any CPU
		{F8B1F09C-393C-4F69-9706-6265113CB59F}.Debug|Any CPU.Build.0 = Debug|Any CPU
		{F8B1F09C-393C-4F69-9706-6265113CB59F}.Release|Any CPU.ActiveCfg = Release|Any CPU
		{F8B1F09C-393C-4F69-9706-6265113CB59F}.Release|Any CPU.Build.0 = Release|Any CPU
		{AEFA6E4C-33B2-4837-B34F-7E5BD5ADEA1A}.Debug|Any CPU.ActiveCfg = Debug|Any CPU
		{AEFA6E4C-33B2-4837-B34F-7E5BD5ADEA1A}.Debug|Any CPU.Build.0 = Debug|Any CPU
		{AEFA6E4C-33B2-4837-B34F-7E5BD5ADEA1A}.Release|Any CPU.ActiveCfg = Release|Any CPU
		{AEFA6E4C-33B2-4837-B34F-7E5BD5ADEA1A}.Release|Any CPU.Build.0 = Release|Any CPU
		{85D6E4E9-7D4D-4596-9CFE-43F408BAFF18}.Debug|Any CPU.ActiveCfg = Debug|Any CPU
		{85D6E4E9-7D4D-4596-9CFE-43F408BAFF18}.Debug|Any CPU.Build.0 = Debug|Any CPU
		{85D6E4E9-7D4D-4596-9CFE-43F408BAFF18}.Release|Any CPU.ActiveCfg = Release|Any CPU
		{85D6E4E9-7D4D-4596-9CFE-43F408BAFF18}.Release|Any CPU.Build.0 = Release|Any CPU
		{B2D5F8DA-3C52-4653-AF69-9D69D1FB3057}.Debug|Any CPU.ActiveCfg = Debug|Any CPU
		{B2D5F8DA-3C52-4653-AF69-9D69D1FB3057}.Debug|Any CPU.Build.0 = Debug|Any CPU
		{B2D5F8DA-3C52-4653-AF69-9D69D1FB3057}.Release|Any CPU.ActiveCfg = Release|Any CPU
		{B2D5F8DA-3C52-4653-AF69-9D69D1FB3057}.Release|Any CPU.Build.0 = Release|Any CPU
		{01BB4D95-4B77-437E-A3F7-10A62A4DAE7A}.Debug|Any CPU.ActiveCfg = Debug|Any CPU
		{01BB4D95-4B77-437E-A3F7-10A62A4DAE7A}.Debug|Any CPU.Build.0 = Debug|Any CPU
		{01BB4D95-4B77-437E-A3F7-10A62A4DAE7A}.Release|Any CPU.ActiveCfg = Release|Any CPU
		{01BB4D95-4B77-437E-A3F7-10A62A4DAE7A}.Release|Any CPU.Build.0 = Release|Any CPU
		{7DC50443-4E2F-4D85-9EE9-CC180DE2374D}.Debug|Any CPU.ActiveCfg = Debug|Any CPU
		{7DC50443-4E2F-4D85-9EE9-CC180DE2374D}.Debug|Any CPU.Build.0 = Debug|Any CPU
		{7DC50443-4E2F-4D85-9EE9-CC180DE2374D}.Release|Any CPU.ActiveCfg = Release|Any CPU
		{7DC50443-4E2F-4D85-9EE9-CC180DE2374D}.Release|Any CPU.Build.0 = Release|Any CPU
		{913B044B-D6A9-4900-BAE7-839EEB7DCE4C}.Debug|Any CPU.ActiveCfg = Debug|Any CPU
		{913B044B-D6A9-4900-BAE7-839EEB7DCE4C}.Debug|Any CPU.Build.0 = Debug|Any CPU
		{913B044B-D6A9-4900-BAE7-839EEB7DCE4C}.Release|Any CPU.ActiveCfg = Release|Any CPU
		{913B044B-D6A9-4900-BAE7-839EEB7DCE4C}.Release|Any CPU.Build.0 = Release|Any CPU
		{8D229773-FC67-4490-9C87-38DBB5E84C9E}.Debug|Any CPU.ActiveCfg = Debug|Any CPU
		{8D229773-FC67-4490-9C87-38DBB5E84C9E}.Debug|Any CPU.Build.0 = Debug|Any CPU
		{8D229773-FC67-4490-9C87-38DBB5E84C9E}.Release|Any CPU.ActiveCfg = Release|Any CPU
		{8D229773-FC67-4490-9C87-38DBB5E84C9E}.Release|Any CPU.Build.0 = Release|Any CPU
		{365B8DD9-9C50-45A1-9525-26A4570720C1}.Debug|Any CPU.ActiveCfg = Debug|Any CPU
		{365B8DD9-9C50-45A1-9525-26A4570720C1}.Debug|Any CPU.Build.0 = Debug|Any CPU
		{365B8DD9-9C50-45A1-9525-26A4570720C1}.Release|Any CPU.ActiveCfg = Release|Any CPU
		{365B8DD9-9C50-45A1-9525-26A4570720C1}.Release|Any CPU.Build.0 = Release|Any CPU
		{BF3DD26F-93DF-4696-9073-5CD6D325A13A}.Debug|Any CPU.ActiveCfg = Debug|Any CPU
		{BF3DD26F-93DF-4696-9073-5CD6D325A13A}.Debug|Any CPU.Build.0 = Debug|Any CPU
		{BF3DD26F-93DF-4696-9073-5CD6D325A13A}.Release|Any CPU.ActiveCfg = Release|Any CPU
		{BF3DD26F-93DF-4696-9073-5CD6D325A13A}.Release|Any CPU.Build.0 = Release|Any CPU
	EndGlobalSection
	GlobalSection(SolutionProperties) = preSolution
		HideSolutionNode = FALSE
	EndGlobalSection
	GlobalSection(NestedProjects) = preSolution
		{ECF4D16A-A8C4-4B1E-9EDF-4E94ADEC63D2} = {5BDEFD33-9FC2-42A0-B87C-35B384AF5AE5}
		{5F8C7BDD-B416-45B2-BBBF-D02CBDE0B7A4} = {5BDEFD33-9FC2-42A0-B87C-35B384AF5AE5}
		{614343B4-A732-4E19-8525-B45CB5E19BD7} = {5BDEFD33-9FC2-42A0-B87C-35B384AF5AE5}
		{02B7BF0D-E373-44CB-B9ED-96751577A94C} = {5BDEFD33-9FC2-42A0-B87C-35B384AF5AE5}
		{8992020C-6E0B-420C-8875-0B06F43C89E0} = {5BDEFD33-9FC2-42A0-B87C-35B384AF5AE5}
		{5FC8B7F0-1477-49E4-BFCB-027E89C31A16} = {5BDEFD33-9FC2-42A0-B87C-35B384AF5AE5}
		{F8457AFA-946F-404D-AA7A-30F4755F79A6} = {614343B4-A732-4E19-8525-B45CB5E19BD7}
		{42DABFD7-041C-472C-A8B3-E387BBEB4675} = {5F8C7BDD-B416-45B2-BBBF-D02CBDE0B7A4}
		{F92EF8AB-120D-4BEA-9DF9-21FE2AA92634} = {678DF339-0115-4FBE-B24D-7948F9A807E4}
		{81CF7DCB-FB48-4468-B43B-CD98577507A9} = {5F8C7BDD-B416-45B2-BBBF-D02CBDE0B7A4}
		{ACACE9FC-9F8F-4C66-B3AA-C929B7BB2B4A} = {5F8C7BDD-B416-45B2-BBBF-D02CBDE0B7A4}
		{92CD3AF1-67B7-4B6B-BB6E-C5C49220E7E2} = {678DF339-0115-4FBE-B24D-7948F9A807E4}
		{85AA6793-6EF7-450D-AB7B-4A940CC127F6} = {0F0D9C5E-4CAA-4879-A409-9C888DA8823A}
		{8F9C0CE9-B534-4A4B-8478-2533D7808496} = {5FC8B7F0-1477-49E4-BFCB-027E89C31A16}
		{E4E5AEA9-69D0-4FD8-B354-BCA3533E39AC} = {678DF339-0115-4FBE-B24D-7948F9A807E4}
		{CE19848C-D297-489C-BA63-563FB30A3FA8} = {5FC8B7F0-1477-49E4-BFCB-027E89C31A16}
		{F8B1F09C-393C-4F69-9706-6265113CB59F} = {678DF339-0115-4FBE-B24D-7948F9A807E4}
		{AEFA6E4C-33B2-4837-B34F-7E5BD5ADEA1A} = {5FC8B7F0-1477-49E4-BFCB-027E89C31A16}
		{85D6E4E9-7D4D-4596-9CFE-43F408BAFF18} = {8992020C-6E0B-420C-8875-0B06F43C89E0}
		{B2D5F8DA-3C52-4653-AF69-9D69D1FB3057} = {8992020C-6E0B-420C-8875-0B06F43C89E0}
		{01BB4D95-4B77-437E-A3F7-10A62A4DAE7A} = {8992020C-6E0B-420C-8875-0B06F43C89E0}
		{7DC50443-4E2F-4D85-9EE9-CC180DE2374D} = {678DF339-0115-4FBE-B24D-7948F9A807E4}
		{913B044B-D6A9-4900-BAE7-839EEB7DCE4C} = {678DF339-0115-4FBE-B24D-7948F9A807E4}
		{678DF339-0115-4FBE-B24D-7948F9A807E4} = {1B83BF75-CF18-43D4-BE8A-4E0143EF2838}
		{BA073F46-16CF-4CF6-82A7-427EE8FB2AC6} = {1B83BF75-CF18-43D4-BE8A-4E0143EF2838}
		{8D229773-FC67-4490-9C87-38DBB5E84C9E} = {0F0D9C5E-4CAA-4879-A409-9C888DA8823A}
		{365B8DD9-9C50-45A1-9525-26A4570720C1} = {B2B405F2-2287-4B86-B7D2-4EA2F377E610}
		{BF3DD26F-93DF-4696-9073-5CD6D325A13A} = {BA073F46-16CF-4CF6-82A7-427EE8FB2AC6}
		{B2B405F2-2287-4B86-B7D2-4EA2F377E610} = {1B83BF75-CF18-43D4-BE8A-4E0143EF2838}
	EndGlobalSection
	GlobalSection(ExtensibilityGlobals) = postSolution
		SolutionGuid = {AF2DC157-AFEE-4F79-9360-7E292B890DA6}
	EndGlobalSection
EndGlobal
